github.com/ebitengine/purego v0.11.0-alpha h1:HM++6ZiggVmTvLhKRTROm4rGua/9NcpMVVryfyGpl2M=
github.com/ebitengine/purego v0.11.0-alpha/go.mod h1:iIjxzd6CiRiOG0UyXP+V1+jWqUXVjPKLAI0mRfJZTmQ=
golang.org/x/image v0.36.0 h1:Iknbfm1afbgtwPTmHnS2gTM/6PPZfH+z2EFuOkSbqwc=
golang.org/x/image v0.36.0/go.mod h1:YsWD2TyyGKiIX1kZlu9QfKIsQ4nAAK9bdgdrIsE7xy4=
