github.com/ebitengine/purego v0.11.0-alpha.1 h1:p9MRdpEz2yC1tLE132XVQtQa+hmnj2DeKQ0Djc8n3n0=
github.com/ebitengine/purego v0.11.0-alpha.1/go.mod h1:iIjxzd6CiRiOG0UyXP+V1+jWqUXVjPKLAI0mRfJZTmQ=
golang.org/x/image v0.41.0 h1:8wS72eGJMJaBxK6okTzd4WaXumUlTVlb753MlsSvTCo=
golang.org/x/image v0.41.0/go.mod h1:uIc348UZMSvS5Z65CVZ7iDPaNobNFEPeJ4kbqTOszmA=
