github.com/ebitengine/purego v0.10.0-alpha.3.0.20251231181614-6b665882fe54 h1:d/yg6sXpPNSzm8LunEf5DzClocs7kLBfJzNZ/vkbRB4=
github.com/ebitengine/purego v0.10.0-alpha.3.0.20251231181614-6b665882fe54/go.mod h1:iIjxzd6CiRiOG0UyXP+V1+jWqUXVjPKLAI0mRfJZTmQ=
golang.org/x/image v0.34.0 h1:33gCkyw9hmwbZJeZkct8XyR11yH889EQt/QH4VmXMn8=
golang.org/x/image v0.34.0/go.mod h1:2RNFBZRB+vnwwFil8GkMdRvrJOFd1AzdZI6vOY+eJVU=
